// !$*UTF8*$!
{
	archiveVersion = 1;
	classes = {
	};
	objectVersion = 56;
	objects = {

/* Begin PBXBuildFile section */
		AE0F4BC629C9F3480059ABE9 /* MainScreen.swift in Sources */ = {isa = PBXBuildFile; fileRef = AE0F4BC529C9F3480059ABE9 /* MainScreen.swift */; };
		B141210B29BF68880002D219 /* AppDelegate.swift in Sources */ = {isa = PBXBuildFile; fileRef = B141210A29BF68880002D219 /* AppDelegate.swift */; };
		B141210D29BF68880002D219 /* SceneDelegate.swift in Sources */ = {isa = PBXBuildFile; fileRef = B141210C29BF68880002D219 /* SceneDelegate.swift */; };
		B141210F29BF68880002D219 /* ViewController.swift in Sources */ = {isa = PBXBuildFile; fileRef = B141210E29BF68880002D219 /* ViewController.swift */; };
		B141211229BF68880002D219 /* Main.storyboard in Resources */ = {isa = PBXBuildFile; fileRef = B141211029BF68880002D219 /* Main.storyboard */; };
		B141211429BF68890002D219 /* Assets.xcassets in Resources */ = {isa = PBXBuildFile; fileRef = B141211329BF68890002D219 /* Assets.xcassets */; };
		B141211729BF68890002D219 /* LaunchScreen.storyboard in Resources */ = {isa = PBXBuildFile; fileRef = B141211529BF68890002D219 /* LaunchScreen.storyboard */; };
		B141212229BF68890002D219 /* boardroom2Tests.swift in Sources */ = {isa = PBXBuildFile; fileRef = B141212129BF68890002D219 /* boardroom2Tests.swift */; };
		B141212C29BF68890002D219 /* boardroom2UITests.swift in Sources */ = {isa = PBXBuildFile; fileRef = B141212B29BF68890002D219 /* boardroom2UITests.swift */; };
		B141212E29BF68890002D219 /* boardroom2UITestsLaunchTests.swift in Sources */ = {isa = PBXBuildFile; fileRef = B141212D29BF68890002D219 /* boardroom2UITestsLaunchTests.swift */; };
		B151AC3629C348B60055DA61 /* DetailsViewController.swift in Sources */ = {isa = PBXBuildFile; fileRef = B151AC3529C348B60055DA61 /* DetailsViewController.swift */; };
		B151AC3829C34CDE0055DA61 /* endFlowViewController.swift in Sources */ = {isa = PBXBuildFile; fileRef = B151AC3729C34CDE0055DA61 /* endFlowViewController.swift */; };
/* End PBXBuildFile section */

/* Begin PBXContainerItemProxy section */
		B141211E29BF68890002D219 /* PBXContainerItemProxy */ = {
			isa = PBXContainerItemProxy;
			containerPortal = B14120FF29BF68880002D219 /* Project object */;
			proxyType = 1;
			remoteGlobalIDString = B141210629BF68880002D219;
			remoteInfo = boardroom2;
		};
		B141212829BF68890002D219 /* PBXContainerItemProxy */ = {
			isa = PBXContainerItemProxy;
			containerPortal = B14120FF29BF68880002D219 /* Project object */;
			proxyType = 1;
			remoteGlobalIDString = B141210629BF68880002D219;
			remoteInfo = boardroom2;
		};
/* End PBXContainerItemProxy section */

/* Begin PBXFileReference section */
		AE0F4BBB29C8547E0059ABE9 /* data.json */ = {isa = PBXFileReference; lastKnownFileType = text.json; path = data.json; sourceTree = "<group>"; };
		AE0F4BC529C9F3480059ABE9 /* MainScreen.swift */ = {isa = PBXFileReference; lastKnownFileType = sourcecode.swift; path = MainScreen.swift; sourceTree = "<group>"; };
		B141210729BF68880002D219 /* BoardroomApp.app */ = {isa = PBXFileReference; explicitFileType = wrapper.application; includeInIndex = 0; path = BoardroomApp.app; sourceTree = BUILT_PRODUCTS_DIR; };
		B141210A29BF68880002D219 /* AppDelegate.swift */ = {isa = PBXFileReference; lastKnownFileType = sourcecode.swift; path = AppDelegate.swift; sourceTree = "<group>"; };
		B141210C29BF68880002D219 /* SceneDelegate.swift */ = {isa = PBXFileReference; lastKnownFileType = sourcecode.swift; path = SceneDelegate.swift; sourceTree = "<group>"; };
		B141210E29BF68880002D219 /* ViewController.swift */ = {isa = PBXFileReference; lastKnownFileType = sourcecode.swift; path = ViewController.swift; sourceTree = "<group>"; };
		B141211129BF68880002D219 /* Base */ = {isa = PBXFileReference; lastKnownFileType = file.storyboard; name = Base; path = Base.lproj/Main.storyboard; sourceTree = "<group>"; };
		B141211329BF68890002D219 /* Assets.xcassets */ = {isa = PBXFileReference; lastKnownFileType = folder.assetcatalog; path = Assets.xcassets; sourceTree = "<group>"; };
		B141211629BF68890002D219 /* Base */ = {isa = PBXFileReference; lastKnownFileType = file.storyboard; name = Base; path = Base.lproj/LaunchScreen.storyboard; sourceTree = "<group>"; };
		B141211829BF68890002D219 /* Info.plist */ = {isa = PBXFileReference; lastKnownFileType = text.plist.xml; path = Info.plist; sourceTree = "<group>"; };
		B141211D29BF68890002D219 /* BoardroomAppTests.xctest */ = {isa = PBXFileReference; explicitFileType = wrapper.cfbundle; includeInIndex = 0; path = BoardroomAppTests.xctest; sourceTree = BUILT_PRODUCTS_DIR; };
		B141212129BF68890002D219 /* boardroom2Tests.swift */ = {isa = PBXFileReference; lastKnownFileType = sourcecode.swift; path = boardroom2Tests.swift; sourceTree = "<group>"; };
		B141212729BF68890002D219 /* BoardroomAppUITests.xctest */ = {isa = PBXFileReference; explicitFileType = wrapper.cfbundle; includeInIndex = 0; path = BoardroomAppUITests.xctest; sourceTree = BUILT_PRODUCTS_DIR; };
		B141212B29BF68890002D219 /* boardroom2UITests.swift */ = {isa = PBXFileReference; lastKnownFileType = sourcecode.swift; path = boardroom2UITests.swift; sourceTree = "<group>"; };
		B141212D29BF68890002D219 /* boardroom2UITestsLaunchTests.swift */ = {isa = PBXFileReference; lastKnownFileType = sourcecode.swift; path = boardroom2UITestsLaunchTests.swift; sourceTree = "<group>"; };
		B151AC3529C348B60055DA61 /* DetailsViewController.swift */ = {isa = PBXFileReference; lastKnownFileType = sourcecode.swift; path = DetailsViewController.swift; sourceTree = "<group>"; };
		B151AC3729C34CDE0055DA61 /* endFlowViewController.swift */ = {isa = PBXFileReference; lastKnownFileType = sourcecode.swift; path = endFlowViewController.swift; sourceTree = "<group>"; };
/* End PBXFileReference section */

/* Begin PBXFrameworksBuildPhase section */
		B141210429BF68880002D219 /* Frameworks */ = {
			isa = PBXFrameworksBuildPhase;
			buildActionMask = 2147483647;
			files = (
			);
			runOnlyForDeploymentPostprocessing = 0;
		};
		B141211A29BF68890002D219 /* Frameworks */ = {
			isa = PBXFrameworksBuildPhase;
			buildActionMask = 2147483647;
			files = (
			);
			runOnlyForDeploymentPostprocessing = 0;
		};
		B141212429BF68890002D219 /* Frameworks */ = {
			isa = PBXFrameworksBuildPhase;
			buildActionMask = 2147483647;
			files = (
			);
			runOnlyForDeploymentPostprocessing = 0;
		};
/* End PBXFrameworksBuildPhase section */

/* Begin PBXGroup section */
		B14120FE29BF68880002D219 = {
			isa = PBXGroup;
			children = (
				B141210929BF68880002D219 /* boardroom2 */,
				B141212029BF68890002D219 /* boardroom2Tests */,
				B141212A29BF68890002D219 /* boardroom2UITests */,
				B141210829BF68880002D219 /* Products */,
			);
			sourceTree = "<group>";
		};
		B141210829BF68880002D219 /* Products */ = {
			isa = PBXGroup;
			children = (
				B141210729BF68880002D219 /* BoardroomApp.app */,
				B141211D29BF68890002D219 /* BoardroomAppTests.xctest */,
				B141212729BF68890002D219 /* BoardroomAppUITests.xctest */,
			);
			name = Products;
			sourceTree = "<group>";
		};
		B141210929BF68880002D219 /* boardroom2 */ = {
			isa = PBXGroup;
			children = (
				B141210A29BF68880002D219 /* AppDelegate.swift */,
				B141210C29BF68880002D219 /* SceneDelegate.swift */,
				B141210E29BF68880002D219 /* ViewController.swift */,
				B151AC3529C348B60055DA61 /* DetailsViewController.swift */,
				AE0F4BBB29C8547E0059ABE9 /* data.json */,
				B151AC3729C34CDE0055DA61 /* endFlowViewController.swift */,
				AE0F4BC529C9F3480059ABE9 /* MainScreen.swift */,
				B141211029BF68880002D219 /* Main.storyboard */,
				B141211529BF68890002D219 /* LaunchScreen.storyboard */,
				B141211329BF68890002D219 /* Assets.xcassets */,
				B141211829BF68890002D219 /* Info.plist */,
			);
			path = boardroom2;
			sourceTree = "<group>";
		};
		B141212029BF68890002D219 /* boardroom2Tests */ = {
			isa = PBXGroup;
			children = (
				B141212129BF68890002D219 /* boardroom2Tests.swift */,
			);
			path = boardroom2Tests;
			sourceTree = "<group>";
		};
		B141212A29BF68890002D219 /* boardroom2UITests */ = {
			isa = PBXGroup;
			children = (
				B141212B29BF68890002D219 /* boardroom2UITests.swift */,
				B141212D29BF68890002D219 /* boardroom2UITestsLaunchTests.swift */,
			);
			path = boardroom2UITests;
			sourceTree = "<group>";
		};
/* End PBXGroup section */

/* Begin PBXNativeTarget section */
		B141210629BF68880002D219 /* BoardroomApp */ = {
			isa = PBXNativeTarget;
			buildConfigurationList = B141213129BF68890002D219 /* Build configuration list for PBXNativeTarget "BoardroomApp" */;
			buildPhases = (
				B141210329BF68880002D219 /* Sources */,
				B141210429BF68880002D219 /* Frameworks */,
				B141210529BF68880002D219 /* Resources */,
			);
			buildRules = (
			);
			dependencies = (
			);
			name = BoardroomApp;
			packageProductDependencies = (
			);
			productName = boardroom2;
			productReference = B141210729BF68880002D219 /* BoardroomApp.app */;
			productType = "com.apple.product-type.application";
		};
		B141211C29BF68890002D219 /* BoardroomAppTests */ = {
			isa = PBXNativeTarget;
			buildConfigurationList = B141213429BF68890002D219 /* Build configuration list for PBXNativeTarget "BoardroomAppTests" */;
			buildPhases = (
				B141211929BF68890002D219 /* Sources */,
				B141211A29BF68890002D219 /* Frameworks */,
				B141211B29BF68890002D219 /* Resources */,
			);
			buildRules = (
			);
			dependencies = (
				B141211F29BF68890002D219 /* PBXTargetDependency */,
			);
			name = BoardroomAppTests;
			productName = boardroom2Tests;
			productReference = B141211D29BF68890002D219 /* BoardroomAppTests.xctest */;
			productType = "com.apple.product-type.bundle.unit-test";
		};
		B141212629BF68890002D219 /* BoardroomAppUITests */ = {
			isa = PBXNativeTarget;
			buildConfigurationList = B141213729BF68890002D219 /* Build configuration list for PBXNativeTarget "BoardroomAppUITests" */;
			buildPhases = (
				B141212329BF68890002D219 /* Sources */,
				B141212429BF68890002D219 /* Frameworks */,
				B141212529BF68890002D219 /* Resources */,
			);
			buildRules = (
			);
			dependencies = (
				B141212929BF68890002D219 /* PBXTargetDependency */,
			);
			name = BoardroomAppUITests;
			productName = boardroom2UITests;
			productReference = B141212729BF68890002D219 /* BoardroomAppUITests.xctest */;
			productType = "com.apple.product-type.bundle.ui-testing";
		};
/* End PBXNativeTarget section */

/* Begin PBXProject section */
		B14120FF29BF68880002D219 /* Project object */ = {
			isa = PBXProject;
			attributes = {
				BuildIndependentTargetsInParallel = 1;
				LastSwiftUpdateCheck = 1420;
				LastUpgradeCheck = 1420;
				TargetAttributes = {
					B141210629BF68880002D219 = {
						CreatedOnToolsVersion = 14.2;
					};
					B141211C29BF68890002D219 = {
						CreatedOnToolsVersion = 14.2;
						TestTargetID = B141210629BF68880002D219;
					};
					B141212629BF68890002D219 = {
						CreatedOnToolsVersion = 14.2;
						TestTargetID = B141210629BF68880002D219;
					};
				};
			};
			buildConfigurationList = B141210229BF68880002D219 /* Build configuration list for PBXProject "BoardroomApp" */;
			compatibilityVersion = "Xcode 14.0";
			developmentRegion = en;
			hasScannedForEncodings = 0;
			knownRegions = (
				en,
				Base,
			);
			mainGroup = B14120FE29BF68880002D219;
			packageReferences = (
			);
			productRefGroup = B141210829BF68880002D219 /* Products */;
			projectDirPath = "";
			projectRoot = "";
			targets = (
				B141210629BF68880002D219 /* BoardroomApp */,
				B141211C29BF68890002D219 /* BoardroomAppTests */,
				B141212629BF68890002D219 /* BoardroomAppUITests */,
			);
		};
/* End PBXProject section */

/* Begin PBXResourcesBuildPhase section */
		B141210529BF68880002D219 /* Resources */ = {
			isa = PBXResourcesBuildPhase;
			buildActionMask = 2147483647;
			files = (
				B141211729BF68890002D219 /* LaunchScreen.storyboard in Resources */,
				B141211429BF68890002D219 /* Assets.xcassets in Resources */,
				B141211229BF68880002D219 /* Main.storyboard in Resources */,
			);
			runOnlyForDeploymentPostprocessing = 0;
		};
		B141211B29BF68890002D219 /* Resources */ = {
			isa = PBXResourcesBuildPhase;
			buildActionMask = 2147483647;
			files = (
			);
			runOnlyForDeploymentPostprocessing = 0;
		};
		B141212529BF68890002D219 /* Resources */ = {
			isa = PBXResourcesBuildPhase;
			buildActionMask = 2147483647;
			files = (
			);
			runOnlyForDeploymentPostprocessing = 0;
		};
/* End PBXResourcesBuildPhase section */

/* Begin PBXSourcesBuildPhase section */
		B141210329BF68880002D219 /* Sources */ = {
			isa = PBXSourcesBuildPhase;
			buildActionMask = 2147483647;
			files = (
				AE0F4BC629C9F3480059ABE9 /* MainScreen.swift in Sources */,
				B151AC3829C34CDE0055DA61 /* endFlowViewController.swift in Sources */,
				B141210F29BF68880002D219 /* ViewController.swift in Sources */,
				B141210B29BF68880002D219 /* AppDelegate.swift in Sources */,
				B141210D29BF68880002D219 /* SceneDelegate.swift in Sources */,
				B151AC3629C348B60055DA61 /* DetailsViewController.swift in Sources */,
			);
			runOnlyForDeploymentPostprocessing = 0;
		};
		B141211929BF68890002D219 /* Sources */ = {
			isa = PBXSourcesBuildPhase;
			buildActionMask = 2147483647;
			files = (
				B141212229BF68890002D219 /* boardroom2Tests.swift in Sources */,
			);
			runOnlyForDeploymentPostprocessing = 0;
		};
		B141212329BF68890002D219 /* Sources */ = {
			isa = PBXSourcesBuildPhase;
			buildActionMask = 2147483647;
			files = (
				B141212C29BF68890002D219 /* boardroom2UITests.swift in Sources */,
				B141212E29BF68890002D219 /* boardroom2UITestsLaunchTests.swift in Sources */,
			);
			runOnlyForDeploymentPostprocessing = 0;
		};
/* End PBXSourcesBuildPhase section */

/* Begin PBXTargetDependency section */
		B141211F29BF68890002D219 /* PBXTargetDependency */ = {
			isa = PBXTargetDependency;
			target = B141210629BF68880002D219 /* BoardroomApp */;
			targetProxy = B141211E29BF68890002D219 /* PBXContainerItemProxy */;
		};
		B141212929BF68890002D219 /* PBXTargetDependency */ = {
			isa = PBXTargetDependency;
			target = B141210629BF68880002D219 /* BoardroomApp */;
			targetProxy = B141212829BF68890002D219 /* PBXContainerItemProxy */;
		};
/* End PBXTargetDependency section */

/* Begin PBXVariantGroup section */
		B141211029BF68880002D219 /* Main.storyboard */ = {
			isa = PBXVariantGroup;
			children = (
				B141211129BF68880002D219 /* Base */,
			);
			name = Main.storyboard;
			sourceTree = "<group>";
		};
		B141211529BF68890002D219 /* LaunchScreen.storyboard */ = {
			isa = PBXVariantGroup;
			children = (
				B141211629BF68890002D219 /* Base */,
			);
			name = LaunchScreen.storyboard;
			sourceTree = "<group>";
		};
/* End PBXVariantGroup section */

/* Begin XCBuildConfiguration section */
		B141212F29BF68890002D219 /* Debug */ = {
			isa = XCBuildConfiguration;
			buildSettings = {
				ALWAYS_SEARCH_USER_PATHS = NO;
				CLANG_ANALYZER_NONNULL = YES;
				CLANG_ANALYZER_NUMBER_OBJECT_CONVERSION = YES_AGGRESSIVE;
				CLANG_CXX_LANGUAGE_STANDARD = "gnu++20";
				CLANG_ENABLE_MODULES = YES;
				CLANG_ENABLE_OBJC_ARC = YES;
				CLANG_ENABLE_OBJC_WEAK = YES;
				CLANG_WARN_BLOCK_CAPTURE_AUTORELEASING = YES;
				CLANG_WARN_BOOL_CONVERSION = YES;
				CLANG_WARN_COMMA = YES;
				CLANG_WARN_CONSTANT_CONVERSION = YES;
				CLANG_WARN_DEPRECATED_OBJC_IMPLEMENTATIONS = YES;
				CLANG_WARN_DIRECT_OBJC_ISA_USAGE = YES_ERROR;
				CLANG_WARN_DOCUMENTATION_COMMENTS = YES;
				CLANG_WARN_EMPTY_BODY = YES;
				CLANG_WARN_ENUM_CONVERSION = YES;
				CLANG_WARN_INFINITE_RECURSION = YES;
				CLANG_WARN_INT_CONVERSION = YES;
				CLANG_WARN_NON_LITERAL_NULL_CONVERSION = YES;
				CLANG_WARN_OBJC_IMPLICIT_RETAIN_SELF = YES;
				CLANG_WARN_OBJC_LITERAL_CONVERSION = YES;
				CLANG_WARN_OBJC_ROOT_CLASS = YES_ERROR;
				CLANG_WARN_QUOTED_INCLUDE_IN_FRAMEWORK_HEADER = YES;
				CLANG_WARN_RANGE_LOOP_ANALYSIS = YES;
				CLANG_WARN_STRICT_PROTOTYPES = YES;
				CLANG_WARN_SUSPICIOUS_MOVE = YES;
				CLANG_WARN_UNGUARDED_AVAILABILITY = YES_AGGRESSIVE;
				CLANG_WARN_UNREACHABLE_CODE = YES;
				CLANG_WARN__DUPLICATE_METHOD_MATCH = YES;
				COPY_PHASE_STRIP = NO;
				DEBUG_INFORMATION_FORMAT = dwarf;
				ENABLE_STRICT_OBJC_MSGSEND = YES;
				ENABLE_TESTABILITY = YES;
				GCC_C_LANGUAGE_STANDARD = gnu11;
				GCC_DYNAMIC_NO_PIC = NO;
				GCC_NO_COMMON_BLOCKS = YES;
				GCC_OPTIMIZATION_LEVEL = 0;
				GCC_PREPROCESSOR_DEFINITIONS = (
					"DEBUG=1",
					"$(inherited)",
				);
				GCC_WARN_64_TO_32_BIT_CONVERSION = YES;
				GCC_WARN_ABOUT_RETURN_TYPE = YES_ERROR;
				GCC_WARN_UNDECLARED_SELECTOR = YES;
				GCC_WARN_UNINITIALIZED_AUTOS = YES_AGGRESSIVE;
				GCC_WARN_UNUSED_FUNCTION = YES;
				GCC_WARN_UNUSED_VARIABLE = YES;
				IPHONEOS_DEPLOYMENT_TARGET = 16.2;
				MTL_ENABLE_DEBUG_INFO = INCLUDE_SOURCE;
				MTL_FAST_MATH = YES;
				ONLY_ACTIVE_ARCH = YES;
				SDKROOT = iphoneos;
				SWIFT_ACTIVE_COMPILATION_CONDITIONS = DEBUG;
				SWIFT_OPTIMIZATION_LEVEL = "-Onone";
			};
			name = Debug;
		};
		B141213029BF68890002D219 /* Release */ = {
			isa = XCBuildConfiguration;
			buildSettings = {
				ALWAYS_SEARCH_USER_PATHS = NO;
				CLANG_ANALYZER_NONNULL = YES;
				CLANG_ANALYZER_NUMBER_OBJECT_CONVERSION = YES_AGGRESSIVE;
				CLANG_CXX_LANGUAGE_STANDARD = "gnu++20";
				CLANG_ENABLE_MODULES = YES;
				CLANG_ENABLE_OBJC_ARC = YES;
				CLANG_ENABLE_OBJC_WEAK = YES;
				CLANG_WARN_BLOCK_CAPTURE_AUTORELEASING = YES;
				CLANG_WARN_BOOL_CONVERSION = YES;
				CLANG_WARN_COMMA = YES;
				CLANG_WARN_CONSTANT_CONVERSION = YES;
				CLANG_WARN_DEPRECATED_OBJC_IMPLEMENTATIONS = YES;
				CLANG_WARN_DIRECT_OBJC_ISA_USAGE = YES_ERROR;
				CLANG_WARN_DOCUMENTATION_COMMENTS = YES;
				CLANG_WARN_EMPTY_BODY = YES;
				CLANG_WARN_ENUM_CONVERSION = YES;
				CLANG_WARN_INFINITE_RECURSION = YES;
				CLANG_WARN_INT_CONVERSION = YES;
				CLANG_WARN_NON_LITERAL_NULL_CONVERSION = YES;
				CLANG_WARN_OBJC_IMPLICIT_RETAIN_SELF = YES;
				CLANG_WARN_OBJC_LITERAL_CONVERSION = YES;
				CLANG_WARN_OBJC_ROOT_CLASS = YES_ERROR;
				CLANG_WARN_QUOTED_INCLUDE_IN_FRAMEWORK_HEADER = YES;
				CLANG_WARN_RANGE_LOOP_ANALYSIS = YES;
				CLANG_WARN_STRICT_PROTOTYPES = YES;
				CLANG_WARN_SUSPICIOUS_MOVE = YES;
				CLANG_WARN_UNGUARDED_AVAILABILITY = YES_AGGRESSIVE;
				CLANG_WARN_UNREACHABLE_CODE = YES;
				CLANG_WARN__DUPLICATE_METHOD_MATCH = YES;
				COPY_PHASE_STRIP = NO;
				DEBUG_INFORMATION_FORMAT = "dwarf-with-dsym";
				ENABLE_NS_ASSERTIONS = NO;
				ENABLE_STRICT_OBJC_MSGSEND = YES;
				GCC_C_LANGUAGE_STANDARD = gnu11;
				GCC_NO_COMMON_BLOCKS = YES;
				GCC_WARN_64_TO_32_BIT_CONVERSION = YES;
				GCC_WARN_ABOUT_RETURN_TYPE = YES_ERROR;
				GCC_WARN_UNDECLARED_SELECTOR = YES;
				GCC_WARN_UNINITIALIZED_AUTOS = YES_AGGRESSIVE;
				GCC_WARN_UNUSED_FUNCTION = YES;
				GCC_WARN_UNUSED_VARIABLE = YES;
				IPHONEOS_DEPLOYMENT_TARGET = 16.2;
				MTL_ENABLE_DEBUG_INFO = NO;
				MTL_FAST_MATH = YES;
				SDKROOT = iphoneos;
				SWIFT_COMPILATION_MODE = wholemodule;
				SWIFT_OPTIMIZATION_LEVEL = "-O";
				VALIDATE_PRODUCT = YES;
			};
			name = Release;
		};
		B141213229BF68890002D219 /* Debug */ = {
			isa = XCBuildConfiguration;
			buildSettings = {
				ASSETCATALOG_COMPILER_APPICON_NAME = AppIcon;
				ASSETCATALOG_COMPILER_GLOBAL_ACCENT_COLOR_NAME = AccentColor;
				CODE_SIGN_STYLE = Automatic;
				CURRENT_PROJECT_VERSION = 1;
				GENERATE_INFOPLIST_FILE = YES;
				INFOPLIST_FILE = boardroom2/Info.plist;
				INFOPLIST_KEY_UIApplicationSupportsIndirectInputEvents = YES;
				INFOPLIST_KEY_UILaunchStoryboardName = LaunchScreen;
				INFOPLIST_KEY_UIMainStoryboardFile = Main;
				INFOPLIST_KEY_UISupportedInterfaceOrientations_iPad = "UIInterfaceOrientationPortrait UIInterfaceOrientationPortraitUpsideDown UIInterfaceOrientationLandscapeLeft UIInterfaceOrientationLandscapeRight";
				INFOPLIST_KEY_UISupportedInterfaceOrientations_iPhone = "UIInterfaceOrientationPortrait UIInterfaceOrientationLandscapeLeft UIInterfaceOrientationLandscapeRight";
				LD_RUNPATH_SEARCH_PATHS = (
					"$(inherited)",
					"@executable_path/Frameworks",
				);
				MARKETING_VERSION = 1.0;
				PRODUCT_BUNDLE_IDENTIFIER = demo.com.boardroom2;
				PRODUCT_NAME = "$(TARGET_NAME)";
				SWIFT_EMIT_LOC_STRINGS = YES;
				SWIFT_VERSION = 5.0;
				TARGETED_DEVICE_FAMILY = "1,2";
			};
			name = Debug;
		};
		B141213329BF68890002D219 /* Release */ = {
			isa = XCBuildConfiguration;
			buildSettings = {
				ASSETCATALOG_COMPILER_APPICON_NAME = AppIcon;
				ASSETCATALOG_COMPILER_GLOBAL_ACCENT_COLOR_NAME = AccentColor;
				CODE_SIGN_STYLE = Automatic;
				CURRENT_PROJECT_VERSION = 1;
				GENERATE_INFOPLIST_FILE = YES;
				INFOPLIST_FILE = boardroom2/Info.plist;
				INFOPLIST_KEY_UIApplicationSupportsIndirectInputEvents = YES;
				INFOPLIST_KEY_UILaunchStoryboardName = LaunchScreen;
				INFOPLIST_KEY_UIMainStoryboardFile = Main;
				INFOPLIST_KEY_UISupportedInterfaceOrientations_iPad = "UIInterfaceOrientationPortrait UIInterfaceOrientationPortraitUpsideDown UIInterfaceOrientationLandscapeLeft UIInterfaceOrientationLandscapeRight";
				INFOPLIST_KEY_UISupportedInterfaceOrientations_iPhone = "UIInterfaceOrientationPortrait UIInterfaceOrientationLandscapeLeft UIInterfaceOrientationLandscapeRight";
				LD_RUNPATH_SEARCH_PATHS = (
					"$(inherited)",
					"@executable_path/Frameworks",
				);
				MARKETING_VERSION = 1.0;
				PRODUCT_BUNDLE_IDENTIFIER = demo.com.boardroom2;
				PRODUCT_NAME = "$(TARGET_NAME)";
				SWIFT_EMIT_LOC_STRINGS = YES;
				SWIFT_VERSION = 5.0;
				TARGETED_DEVICE_FAMILY = "1,2";
			};
			name = Release;
		};
		B141213529BF68890002D219 /* Debug */ = {
			isa = XCBuildConfiguration;
			buildSettings = {
				ALWAYS_EMBED_SWIFT_STANDARD_LIBRARIES = YES;
				BUNDLE_LOADER = "$(TEST_HOST)";
				CODE_SIGN_STYLE = Automatic;
				CURRENT_PROJECT_VERSION = 1;
				GENERATE_INFOPLIST_FILE = YES;
				IPHONEOS_DEPLOYMENT_TARGET = 16.2;
				MARKETING_VERSION = 1.0;
				PRODUCT_BUNDLE_IDENTIFIER = demo.com.boardroom2Tests;
				PRODUCT_NAME = "$(TARGET_NAME)";
				SWIFT_EMIT_LOC_STRINGS = NO;
				SWIFT_VERSION = 5.0;
				TARGETED_DEVICE_FAMILY = "1,2";
				TEST_HOST = "$(BUILT_PRODUCTS_DIR)/BoardroomApp.app/$(BUNDLE_EXECUTABLE_FOLDER_PATH)/BoardroomApp";
			};
			name = Debug;
		};
		B141213629BF68890002D219 /* Release */ = {
			isa = XCBuildConfiguration;
			buildSettings = {
				ALWAYS_EMBED_SWIFT_STANDARD_LIBRARIES = YES;
				BUNDLE_LOADER = "$(TEST_HOST)";
				CODE_SIGN_STYLE = Automatic;
				CURRENT_PROJECT_VERSION = 1;
				GENERATE_INFOPLIST_FILE = YES;
				IPHONEOS_DEPLOYMENT_TARGET = 16.2;
				MARKETING_VERSION = 1.0;
				PRODUCT_BUNDLE_IDENTIFIER = demo.com.boardroom2Tests;
				PRODUCT_NAME = "$(TARGET_NAME)";
				SWIFT_EMIT_LOC_STRINGS = NO;
				SWIFT_VERSION = 5.0;
				TARGETED_DEVICE_FAMILY = "1,2";
				TEST_HOST = "$(BUILT_PRODUCTS_DIR)/BoardroomApp.app/$(BUNDLE_EXECUTABLE_FOLDER_PATH)/BoardroomApp";
			};
			name = Release;
		};
		B141213829BF68890002D219 /* Debug */ = {
			isa = XCBuildConfiguration;
			buildSettings = {
				ALWAYS_EMBED_SWIFT_STANDARD_LIBRARIES = YES;
				CODE_SIGN_STYLE = Automatic;
				CURRENT_PROJECT_VERSION = 1;
				GENERATE_INFOPLIST_FILE = YES;
				MARKETING_VERSION = 1.0;
				PRODUCT_BUNDLE_IDENTIFIER = demo.com.boardroom2UITests;
				PRODUCT_NAME = "$(TARGET_NAME)";
				SWIFT_EMIT_LOC_STRINGS = NO;
				SWIFT_VERSION = 5.0;
				TARGETED_DEVICE_FAMILY = "1,2";
				TEST_TARGET_NAME = boardroom2;
			};
			name = Debug;
		};
		B141213929BF68890002D219 /* Release */ = {
			isa = XCBuildConfiguration;
			buildSettings = {
				ALWAYS_EMBED_SWIFT_STANDARD_LIBRARIES = YES;
				CODE_SIGN_STYLE = Automatic;
				CURRENT_PROJECT_VERSION = 1;
				GENERATE_INFOPLIST_FILE = YES;
				MARKETING_VERSION = 1.0;
				PRODUCT_BUNDLE_IDENTIFIER = demo.com.boardroom2UITests;
				PRODUCT_NAME = "$(TARGET_NAME)";
				SWIFT_EMIT_LOC_STRINGS = NO;
				SWIFT_VERSION = 5.0;
				TARGETED_DEVICE_FAMILY = "1,2";
				TEST_TARGET_NAME = boardroom2;
			};
			name = Release;
		};
/* End XCBuildConfiguration section */

/* Begin XCConfigurationList section */
		B141210229BF68880002D219 /* Build configuration list for PBXProject "BoardroomApp" */ = {
			isa = XCConfigurationList;
			buildConfigurations = (
				B141212F29BF68890002D219 /* Debug */,
				B141213029BF68890002D219 /* Release */,
			);
			defaultConfigurationIsVisible = 0;
			defaultConfigurationName = Release;
		};
		B141213129BF68890002D219 /* Build configuration list for PBXNativeTarget "BoardroomApp" */ = {
			isa = XCConfigurationList;
			buildConfigurations = (
				B141213229BF68890002D219 /* Debug */,
				B141213329BF68890002D219 /* Release */,
			);
			defaultConfigurationIsVisible = 0;
			defaultConfigurationName = Release;
		};
		B141213429BF68890002D219 /* Build configuration list for PBXNativeTarget "BoardroomAppTests" */ = {
			isa = XCConfigurationList;
			buildConfigurations = (
				B141213529BF68890002D219 /* Debug */,
				B141213629BF68890002D219 /* Release */,
			);
			defaultConfigurationIsVisible = 0;
			defaultConfigurationName = Release;
		};
		B141213729BF68890002D219 /* Build configuration list for PBXNativeTarget "BoardroomAppUITests" */ = {
			isa = XCConfigurationList;
			buildConfigurations = (
				B141213829BF68890002D219 /* Debug */,
				B141213929BF68890002D219 /* Release */,
			);
			defaultConfigurationIsVisible = 0;
			defaultConfigurationName = Release;
		};
/* End XCConfigurationList section */
	};
	rootObject = B14120FF29BF68880002D219 /* Project object */;
}
